
Microsoft Visual Studio Solution File, Format Version 12.00
# Visual Studio Version 16
VisualStudioVersion = 16.0.31911.196
MinimumVisualStudioVersion = 10.0.40219.1
Project("{FAE04EC0-301F-11D3-BF4B-00C04F79EFBC}") = "PPTAddin", "PPTAddin\PPTAddin.csproj", "{DEF13EA3-4D03-455A-9394-2024018C9301}"
EndProject
Global
	GlobalSection(SolutionConfigurationPlatforms) = preSolution
		Debug|Any CPU = Debug|Any CPU
		Release|Any CPU = Release|Any CPU
	EndGlobalSection
	GlobalSection(ProjectConfigurationPlatforms) = postSolution
		{DEF13EA3-4D03-455A-9394-2024018C9301}.Debug|Any CPU.ActiveCfg = Debug|Any CPU
		{DEF13EA3-4D03-455A-9394-2024018C9301}.Debug|Any CPU.Build.0 = Debug|Any CPU
		{DEF13EA3-4D03-455A-9394-2024018C9301}.Release|Any CPU.ActiveCfg = Release|Any CPU
		{DEF13EA3-4D03-455A-9394-2024018C9301}.Release|Any CPU.Build.0 = Release|Any CPU
	EndGlobalSection
	GlobalSection(SolutionProperties) = preSolution
		HideSolutionNode = FALSE
	EndGlobalSection
	GlobalSection(ExtensibilityGlobals) = postSolution
		SolutionGuid = {BD29BA82-5D17-4EB4-92C7-BC24B893258D}
	EndGlobalSection
EndGlobal
